// !$*UTF8*$!
{
	archiveVersion = 1;
	classes = {
	};
	objectVersion = 50;
	objects = {

/* Begin PBXBuildFile section */
		B157687921C3E5FD004640B6 /* AppDelegate.swift in Sources */ = {isa = PBXBuildFile; fileRef = B157687821C3E5FD004640B6 /* AppDelegate.swift */; };
		B157687E21C3E5FD004640B6 /* Main.storyboard in Resources */ = {isa = PBXBuildFile; fileRef = B157687C21C3E5FD004640B6 /* Main.storyboard */; };
		B157688021C3E5FE004640B6 /* Assets.xcassets in Resources */ = {isa = PBXBuildFile; fileRef = B157687F21C3E5FE004640B6 /* Assets.xcassets */; };
		B157688321C3E5FE004640B6 /* LaunchScreen.storyboard in Resources */ = {isa = PBXBuildFile; fileRef = B157688121C3E5FE004640B6 /* LaunchScreen.storyboard */; };
		B157688B21C3E889004640B6 /* ContentViewController.swift in Sources */ = {isa = PBXBuildFile; fileRef = B157688A21C3E889004640B6 /* ContentViewController.swift */; };
		B157688D21C3E8B1004640B6 /* ContentHeaderViewController.swift in Sources */ = {isa = PBXBuildFile; fileRef = B157688C21C3E8B1004640B6 /* ContentHeaderViewController.swift */; };
		B157689021C3E907004640B6 /* ContentSectionViewController.swift in Sources */ = {isa = PBXBuildFile; fileRef = B157688F21C3E907004640B6 /* ContentSectionViewController.swift */; };
		B157689221C3E91E004640B6 /* ContentTextViewController.swift in Sources */ = {isa = PBXBuildFile; fileRef = B157689121C3E91E004640B6 /* ContentTextViewController.swift */; };
		B157689421C3E936004640B6 /* ContentRelationsViewController.swift in Sources */ = {isa = PBXBuildFile; fileRef = B157689321C3E936004640B6 /* ContentRelationsViewController.swift */; };
		B157689721C473E0004640B6 /* IntrinsicTableView.swift in Sources */ = {isa = PBXBuildFile; fileRef = B157689621C473E0004640B6 /* IntrinsicTableView.swift */; };
		B157689A21C7248C004640B6 /* Content.swift in Sources */ = {isa = PBXBuildFile; fileRef = B157689921C7248C004640B6 /* Content.swift */; };
		B157689C21C727CE004640B6 /* StructuredProtocol.swift in Sources */ = {isa = PBXBuildFile; fileRef = B157689B21C727CE004640B6 /* StructuredProtocol.swift */; };
		B157689E21C73E82004640B6 /* ContentStore.swift in Sources */ = {isa = PBXBuildFile; fileRef = B157689D21C73E82004640B6 /* ContentStore.swift */; };
		B15768A021C7599A004640B6 /* ContentDigestsViewController.swift in Sources */ = {isa = PBXBuildFile; fileRef = B157689F21C7599A004640B6 /* ContentDigestsViewController.swift */; };
		B15768A221C76067004640B6 /* contents.json in Resources */ = {isa = PBXBuildFile; fileRef = B15768A121C76067004640B6 /* contents.json */; };
/* End PBXBuildFile section */

/* Begin PBXFileReference section */
		B157687521C3E5FD004640B6 /* StructuredViewControllerSample.app */ = {isa = PBXFileReference; explicitFileType = wrapper.application; includeInIndex = 0; path = StructuredViewControllerSample.app; sourceTree = BUILT_PRODUCTS_DIR; };
		B157687821C3E5FD004640B6 /* AppDelegate.swift */ = {isa = PBXFileReference; lastKnownFileType = sourcecode.swift; path = AppDelegate.swift; sourceTree = "<group>"; };
		B157687D21C3E5FD004640B6 /* Base */ = {isa = PBXFileReference; lastKnownFileType = file.storyboard; name = Base; path = Base.lproj/Main.storyboard; sourceTree = "<group>"; };
		B157687F21C3E5FE004640B6 /* Assets.xcassets */ = {isa = PBXFileReference; lastKnownFileType = folder.assetcatalog; path = Assets.xcassets; sourceTree = "<group>"; };
		B157688221C3E5FE004640B6 /* Base */ = {isa = PBXFileReference; lastKnownFileType = file.storyboard; name = Base; path = Base.lproj/LaunchScreen.storyboard; sourceTree = "<group>"; };
		B157688421C3E5FE004640B6 /* Info.plist */ = {isa = PBXFileReference; lastKnownFileType = text.plist.xml; path = Info.plist; sourceTree = "<group>"; };
		B157688A21C3E889004640B6 /* ContentViewController.swift */ = {isa = PBXFileReference; lastKnownFileType = sourcecode.swift; name = ContentViewController.swift; path = ViewControllers/ContentViewController.swift; sourceTree = "<group>"; };
		B157688C21C3E8B1004640B6 /* ContentHeaderViewController.swift */ = {isa = PBXFileReference; lastKnownFileType = sourcecode.swift; name = ContentHeaderViewController.swift; path = ViewControllers/ContentHeaderViewController.swift; sourceTree = "<group>"; };
		B157688F21C3E907004640B6 /* ContentSectionViewController.swift */ = {isa = PBXFileReference; lastKnownFileType = sourcecode.swift; name = ContentSectionViewController.swift; path = ViewControllers/ContentSectionViewController.swift; sourceTree = "<group>"; };
		B157689121C3E91E004640B6 /* ContentTextViewController.swift */ = {isa = PBXFileReference; lastKnownFileType = sourcecode.swift; name = ContentTextViewController.swift; path = ViewControllers/ContentTextViewController.swift; sourceTree = "<group>"; };
		B157689321C3E936004640B6 /* ContentRelationsViewController.swift */ = {isa = PBXFileReference; lastKnownFileType = sourcecode.swift; name = ContentRelationsViewController.swift; path = ViewControllers/ContentRelationsViewController.swift; sourceTree = "<group>"; };
		B157689621C473E0004640B6 /* IntrinsicTableView.swift */ = {isa = PBXFileReference; lastKnownFileType = sourcecode.swift; name = IntrinsicTableView.swift; path = UIComponents/IntrinsicTableView.swift; sourceTree = "<group>"; };
		B157689921C7248C004640B6 /* Content.swift */ = {isa = PBXFileReference; lastKnownFileType = sourcecode.swift; name = Content.swift; path = Models/Content.swift; sourceTree = "<group>"; };
		B157689B21C727CE004640B6 /* StructuredProtocol.swift */ = {isa = PBXFileReference; lastKnownFileType = sourcecode.swift; name = StructuredProtocol.swift; path = ViewControllers/StructuredProtocol.swift; sourceTree = "<group>"; };
		B157689D21C73E82004640B6 /* ContentStore.swift */ = {isa = PBXFileReference; lastKnownFileType = sourcecode.swift; name = ContentStore.swift; path = Models/ContentStore.swift; sourceTree = "<group>"; };
		B157689F21C7599A004640B6 /* ContentDigestsViewController.swift */ = {isa = PBXFileReference; lastKnownFileType = sourcecode.swift; name = ContentDigestsViewController.swift; path = ViewControllers/ContentDigestsViewController.swift; sourceTree = "<group>"; };
		B15768A121C76067004640B6 /* contents.json */ = {isa = PBXFileReference; lastKnownFileType = text.json; path = contents.json; sourceTree = "<group>"; };
/* End PBXFileReference section */

/* Begin PBXFrameworksBuildPhase section */
		B157687221C3E5FD004640B6 /* Frameworks */ = {
			isa = PBXFrameworksBuildPhase;
			buildActionMask = 2147483647;
			files = (
			);
			runOnlyForDeploymentPostprocessing = 0;
		};
/* End PBXFrameworksBuildPhase section */

/* Begin PBXGroup section */
		B157686C21C3E5FD004640B6 = {
			isa = PBXGroup;
			children = (
				B157687721C3E5FD004640B6 /* StructuredViewControllerSample */,
				B157687621C3E5FD004640B6 /* Products */,
			);
			sourceTree = "<group>";
		};
		B157687621C3E5FD004640B6 /* Products */ = {
			isa = PBXGroup;
			children = (
				B157687521C3E5FD004640B6 /* StructuredViewControllerSample.app */,
			);
			name = Products;
			sourceTree = "<group>";
		};
		B157687721C3E5FD004640B6 /* StructuredViewControllerSample */ = {
			isa = PBXGroup;
			children = (
				B157688E21C3E8B7004640B6 /* ContentView */,
				B157689521C473BB004640B6 /* UIComponents */,
				B157689821C72476004640B6 /* Models */,
				B157687821C3E5FD004640B6 /* AppDelegate.swift */,
				B157689F21C7599A004640B6 /* ContentDigestsViewController.swift */,
				B157687C21C3E5FD004640B6 /* Main.storyboard */,
				B157687F21C3E5FE004640B6 /* Assets.xcassets */,
				B157688121C3E5FE004640B6 /* LaunchScreen.storyboard */,
				B157688421C3E5FE004640B6 /* Info.plist */,
				B157689B21C727CE004640B6 /* StructuredProtocol.swift */,
			);
			path = StructuredViewControllerSample;
			sourceTree = "<group>";
		};
		B157688E21C3E8B7004640B6 /* ContentView */ = {
			isa = PBXGroup;
			children = (
				B157688A21C3E889004640B6 /* ContentViewController.swift */,
				B157688C21C3E8B1004640B6 /* ContentHeaderViewController.swift */,
				B157688F21C3E907004640B6 /* ContentSectionViewController.swift */,
				B157689121C3E91E004640B6 /* ContentTextViewController.swift */,
				B157689321C3E936004640B6 /* ContentRelationsViewController.swift */,
			);
			name = ContentView;
			sourceTree = "<group>";
		};
		B157689521C473BB004640B6 /* UIComponents */ = {
			isa = PBXGroup;
			children = (
				B157689621C473E0004640B6 /* IntrinsicTableView.swift */,
			);
			name = UIComponents;
			sourceTree = "<group>";
		};
		B157689821C72476004640B6 /* Models */ = {
			isa = PBXGroup;
			children = (
				B157689921C7248C004640B6 /* Content.swift */,
				B157689D21C73E82004640B6 /* ContentStore.swift */,
				B15768A121C76067004640B6 /* contents.json */,
			);
			name = Models;
			sourceTree = "<group>";
		};
/* End PBXGroup section */

/* Begin PBXNativeTarget section */
		B157687421C3E5FD004640B6 /* StructuredViewControllerSample */ = {
			isa = PBXNativeTarget;
			buildConfigurationList = B157688721C3E5FE004640B6 /* Build configuration list for PBXNativeTarget "StructuredViewControllerSample" */;
			buildPhases = (
				B157687121C3E5FD004640B6 /* Sources */,
				B157687221C3E5FD004640B6 /* Frameworks */,
				B157687321C3E5FD004640B6 /* Resources */,
			);
			buildRules = (
			);
			dependencies = (
			);
			name = StructuredViewControllerSample;
			productName = StructuredViewControllerSample;
			productReference = B157687521C3E5FD004640B6 /* StructuredViewControllerSample.app */;
			productType = "com.apple.product-type.application";
		};
/* End PBXNativeTarget section */

/* Begin PBXProject section */
		B157686D21C3E5FD004640B6 /* Project object */ = {
			isa = PBXProject;
			attributes = {
				LastSwiftUpdateCheck = 1010;
				LastUpgradeCheck = 1010;
				ORGANIZATIONNAME = imk2o;
				TargetAttributes = {
					B157687421C3E5FD004640B6 = {
						CreatedOnToolsVersion = 10.1;
					};
				};
			};
			buildConfigurationList = B157687021C3E5FD004640B6 /* Build configuration list for PBXProject "StructuredViewControllerSample" */;
			compatibilityVersion = "Xcode 9.3";
			developmentRegion = en;
			hasScannedForEncodings = 0;
			knownRegions = (
				en,
				Base,
			);
			mainGroup = B157686C21C3E5FD004640B6;
			productRefGroup = B157687621C3E5FD004640B6 /* Products */;
			projectDirPath = "";
			projectRoot = "";
			targets = (
				B157687421C3E5FD004640B6 /* StructuredViewControllerSample */,
			);
		};
/* End PBXProject section */

/* Begin PBXResourcesBuildPhase section */
		B157687321C3E5FD004640B6 /* Resources */ = {
			isa = PBXResourcesBuildPhase;
			buildActionMask = 2147483647;
			files = (
				B157688321C3E5FE004640B6 /* LaunchScreen.storyboard in Resources */,
				B157688021C3E5FE004640B6 /* Assets.xcassets in Resources */,
				B157687E21C3E5FD004640B6 /* Main.storyboard in Resources */,
				B15768A221C76067004640B6 /* contents.json in Resources */,
			);
			runOnlyForDeploymentPostprocessing = 0;
		};
/* End PBXResourcesBuildPhase section */

/* Begin PBXSourcesBuildPhase section */
		B157687121C3E5FD004640B6 /* Sources */ = {
			isa = PBXSourcesBuildPhase;
			buildActionMask = 2147483647;
			files = (
				B157689721C473E0004640B6 /* IntrinsicTableView.swift in Sources */,
				B15768A021C7599A004640B6 /* ContentDigestsViewController.swift in Sources */,
				B157688D21C3E8B1004640B6 /* ContentHeaderViewController.swift in Sources */,
				B157688B21C3E889004640B6 /* ContentViewController.swift in Sources */,
				B157689421C3E936004640B6 /* ContentRelationsViewController.swift in Sources */,
				B157689E21C73E82004640B6 /* ContentStore.swift in Sources */,
				B157689A21C7248C004640B6 /* Content.swift in Sources */,
				B157689C21C727CE004640B6 /* StructuredProtocol.swift in Sources */,
				B157689021C3E907004640B6 /* ContentSectionViewController.swift in Sources */,
				B157687921C3E5FD004640B6 /* AppDelegate.swift in Sources */,
				B157689221C3E91E004640B6 /* ContentTextViewController.swift in Sources */,
			);
			runOnlyForDeploymentPostprocessing = 0;
		};
/* End PBXSourcesBuildPhase section */

/* Begin PBXVariantGroup section */
		B157687C21C3E5FD004640B6 /* Main.storyboard */ = {
			isa = PBXVariantGroup;
			children = (
				B157687D21C3E5FD004640B6 /* Base */,
			);
			name = Main.storyboard;
			sourceTree = "<group>";
		};
		B157688121C3E5FE004640B6 /* LaunchScreen.storyboard */ = {
			isa = PBXVariantGroup;
			children = (
				B157688221C3E5FE004640B6 /* Base */,
			);
			name = LaunchScreen.storyboard;
			sourceTree = "<group>";
		};
/* End PBXVariantGroup section */

/* Begin XCBuildConfiguration section */
		B157688521C3E5FE004640B6 /* Debug */ = {
			isa = XCBuildConfiguration;
			buildSettings = {
				ALWAYS_SEARCH_USER_PATHS = NO;
				CLANG_ANALYZER_NONNULL = YES;
				CLANG_ANALYZER_NUMBER_OBJECT_CONVERSION = YES_AGGRESSIVE;
				CLANG_CXX_LANGUAGE_STANDARD = "gnu++14";
				CLANG_CXX_LIBRARY = "libc++";
				CLANG_ENABLE_MODULES = YES;
				CLANG_ENABLE_OBJC_ARC = YES;
				CLANG_ENABLE_OBJC_WEAK = YES;
				CLANG_WARN_BLOCK_CAPTURE_AUTORELEASING = YES;
				CLANG_WARN_BOOL_CONVERSION = YES;
				CLANG_WARN_COMMA = YES;
				CLANG_WARN_CONSTANT_CONVERSION = YES;
				CLANG_WARN_DEPRECATED_OBJC_IMPLEMENTATIONS = YES;
				CLANG_WARN_DIRECT_OBJC_ISA_USAGE = YES_ERROR;
				CLANG_WARN_DOCUMENTATION_COMMENTS = YES;
				CLANG_WARN_EMPTY_BODY = YES;
				CLANG_WARN_ENUM_CONVERSION = YES;
				CLANG_WARN_INFINITE_RECURSION = YES;
				CLANG_WARN_INT_CONVERSION = YES;
				CLANG_WARN_NON_LITERAL_NULL_CONVERSION = YES;
				CLANG_WARN_OBJC_IMPLICIT_RETAIN_SELF = YES;
				CLANG_WARN_OBJC_LITERAL_CONVERSION = YES;
				CLANG_WARN_OBJC_ROOT_CLASS = YES_ERROR;
				CLANG_WARN_RANGE_LOOP_ANALYSIS = YES;
				CLANG_WARN_STRICT_PROTOTYPES = YES;
				CLANG_WARN_SUSPICIOUS_MOVE = YES;
				CLANG_WARN_UNGUARDED_AVAILABILITY = YES_AGGRESSIVE;
				CLANG_WARN_UNREACHABLE_CODE = YES;
				CLANG_WARN__DUPLICATE_METHOD_MATCH = YES;
				CODE_SIGN_IDENTITY = "iPhone Developer";
				COPY_PHASE_STRIP = NO;
				DEBUG_INFORMATION_FORMAT = dwarf;
				ENABLE_STRICT_OBJC_MSGSEND = YES;
				ENABLE_TESTABILITY = YES;
				GCC_C_LANGUAGE_STANDARD = gnu11;
				GCC_DYNAMIC_NO_PIC = NO;
				GCC_NO_COMMON_BLOCKS = YES;
				GCC_OPTIMIZATION_LEVEL = 0;
				GCC_PREPROCESSOR_DEFINITIONS = (
					"DEBUG=1",
					"$(inherited)",
				);
				GCC_WARN_64_TO_32_BIT_CONVERSION = YES;
				GCC_WARN_ABOUT_RETURN_TYPE = YES_ERROR;
				GCC_WARN_UNDECLARED_SELECTOR = YES;
				GCC_WARN_UNINITIALIZED_AUTOS = YES_AGGRESSIVE;
				GCC_WARN_UNUSED_FUNCTION = YES;
				GCC_WARN_UNUSED_VARIABLE = YES;
				IPHONEOS_DEPLOYMENT_TARGET = 11.0;
				MTL_ENABLE_DEBUG_INFO = INCLUDE_SOURCE;
				MTL_FAST_MATH = YES;
				ONLY_ACTIVE_ARCH = YES;
				SDKROOT = iphoneos;
				SWIFT_ACTIVE_COMPILATION_CONDITIONS = DEBUG;
				SWIFT_OPTIMIZATION_LEVEL = "-Onone";
			};
			name = Debug;
		};
		B157688621C3E5FE004640B6 /* Release */ = {
			isa = XCBuildConfiguration;
			buildSettings = {
				ALWAYS_SEARCH_USER_PATHS = NO;
				CLANG_ANALYZER_NONNULL = YES;
				CLANG_ANALYZER_NUMBER_OBJECT_CONVERSION = YES_AGGRESSIVE;
				CLANG_CXX_LANGUAGE_STANDARD = "gnu++14";
				CLANG_CXX_LIBRARY = "libc++";
				CLANG_ENABLE_MODULES = YES;
				CLANG_ENABLE_OBJC_ARC = YES;
				CLANG_ENABLE_OBJC_WEAK = YES;
				CLANG_WARN_BLOCK_CAPTURE_AUTORELEASING = YES;
				CLANG_WARN_BOOL_CONVERSION = YES;
				CLANG_WARN_COMMA = YES;
				CLANG_WARN_CONSTANT_CONVERSION = YES;
				CLANG_WARN_DEPRECATED_OBJC_IMPLEMENTATIONS = YES;
				CLANG_WARN_DIRECT_OBJC_ISA_USAGE = YES_ERROR;
				CLANG_WARN_DOCUMENTATION_COMMENTS = YES;
				CLANG_WARN_EMPTY_BODY = YES;
				CLANG_WARN_ENUM_CONVERSION = YES;
				CLANG_WARN_INFINITE_RECURSION = YES;
				CLANG_WARN_INT_CONVERSION = YES;
				CLANG_WARN_NON_LITERAL_NULL_CONVERSION = YES;
				CLANG_WARN_OBJC_IMPLICIT_RETAIN_SELF = YES;
				CLANG_WARN_OBJC_LITERAL_CONVERSION = YES;
				CLANG_WARN_OBJC_ROOT_CLASS = YES_ERROR;
				CLANG_WARN_RANGE_LOOP_ANALYSIS = YES;
				CLANG_WARN_STRICT_PROTOTYPES = YES;
				CLANG_WARN_SUSPICIOUS_MOVE = YES;
				CLANG_WARN_UNGUARDED_AVAILABILITY = YES_AGGRESSIVE;
				CLANG_WARN_UNREACHABLE_CODE = YES;
				CLANG_WARN__DUPLICATE_METHOD_MATCH = YES;
				CODE_SIGN_IDENTITY = "iPhone Developer";
				COPY_PHASE_STRIP = NO;
				DEBUG_INFORMATION_FORMAT = "dwarf-with-dsym";
				ENABLE_NS_ASSERTIONS = NO;
				ENABLE_STRICT_OBJC_MSGSEND = YES;
				GCC_C_LANGUAGE_STANDARD = gnu11;
				GCC_NO_COMMON_BLOCKS = YES;
				GCC_WARN_64_TO_32_BIT_CONVERSION = YES;
				GCC_WARN_ABOUT_RETURN_TYPE = YES_ERROR;
				GCC_WARN_UNDECLARED_SELECTOR = YES;
				GCC_WARN_UNINITIALIZED_AUTOS = YES_AGGRESSIVE;
				GCC_WARN_UNUSED_FUNCTION = YES;
				GCC_WARN_UNUSED_VARIABLE = YES;
				IPHONEOS_DEPLOYMENT_TARGET = 11.0;
				MTL_ENABLE_DEBUG_INFO = NO;
				MTL_FAST_MATH = YES;
				SDKROOT = iphoneos;
				SWIFT_COMPILATION_MODE = wholemodule;
				SWIFT_OPTIMIZATION_LEVEL = "-O";
				VALIDATE_PRODUCT = YES;
			};
			name = Release;
		};
		B157688821C3E5FE004640B6 /* Debug */ = {
			isa = XCBuildConfiguration;
			buildSettings = {
				ASSETCATALOG_COMPILER_APPICON_NAME = AppIcon;
				CODE_SIGN_STYLE = Automatic;
				DEVELOPMENT_TEAM = 427QQ329ZX;
				INFOPLIST_FILE = StructuredViewControllerSample/Info.plist;
				LD_RUNPATH_SEARCH_PATHS = (
					"$(inherited)",
					"@executable_path/Frameworks",
				);
				PRODUCT_BUNDLE_IDENTIFIER = co.imk2o.StructuredViewControllerSample;
				PRODUCT_NAME = "$(TARGET_NAME)";
				SWIFT_VERSION = 4.2;
				TARGETED_DEVICE_FAMILY = 1;
			};
			name = Debug;
		};
		B157688921C3E5FE004640B6 /* Release */ = {
			isa = XCBuildConfiguration;
			buildSettings = {
				ASSETCATALOG_COMPILER_APPICON_NAME = AppIcon;
				CODE_SIGN_STYLE = Automatic;
				DEVELOPMENT_TEAM = 427QQ329ZX;
				INFOPLIST_FILE = StructuredViewControllerSample/Info.plist;
				LD_RUNPATH_SEARCH_PATHS = (
					"$(inherited)",
					"@executable_path/Frameworks",
				);
				PRODUCT_BUNDLE_IDENTIFIER = co.imk2o.StructuredViewControllerSample;
				PRODUCT_NAME = "$(TARGET_NAME)";
				SWIFT_VERSION = 4.2;
				TARGETED_DEVICE_FAMILY = 1;
			};
			name = Release;
		};
/* End XCBuildConfiguration section */

/* Begin XCConfigurationList section */
		B157687021C3E5FD004640B6 /* Build configuration list for PBXProject "StructuredViewControllerSample" */ = {
			isa = XCConfigurationList;
			buildConfigurations = (
				B157688521C3E5FE004640B6 /* Debug */,
				B157688621C3E5FE004640B6 /* Release */,
			);
			defaultConfigurationIsVisible = 0;
			defaultConfigurationName = Release;
		};
		B157688721C3E5FE004640B6 /* Build configuration list for PBXNativeTarget "StructuredViewControllerSample" */ = {
			isa = XCConfigurationList;
			buildConfigurations = (
				B157688821C3E5FE004640B6 /* Debug */,
				B157688921C3E5FE004640B6 /* Release */,
			);
			defaultConfigurationIsVisible = 0;
			defaultConfigurationName = Release;
		};
/* End XCConfigurationList section */
	};
	rootObject = B157686D21C3E5FD004640B6 /* Project object */;
}
